
Microsoft Visual Studio Solution File, Format Version 12.00
# Visual Studio Version 16
VisualStudioVersion = 16.0.32901.82
MinimumVisualStudioVersion = 10.0.40219.1
Project("{9A19103F-16F7-4668-BE54-9A1E7A4F7556}") = "ResturantWihtUOF.Api", "ResturantWihtUOF.Api\ResturantWihtUOF.Api.csproj", "{0DCDC2F4-9518-4A21-AFE9-225910070542}"
EndProject
Project("{FAE04EC0-301F-11D3-BF4B-00C04F79EFBC}") = "ResturantWihtUOF.Core", "ResturantWihtUOF.Core\ResturantWihtUOF.Core.csproj", "{87B48E7C-A8E3-46AA-B49C-48E33A4572F8}"
EndProject
Project("{FAE04EC0-301F-11D3-BF4B-00C04F79EFBC}") = "ResturantWihtUOF.EF", "ResturantWihtUOF.EF\ResturantWihtUOF.EF.csproj", "{57B0DBAF-64BB-4F06-A072-1A702AFD3FD6}"
EndProject
Global
	GlobalSection(SolutionConfigurationPlatforms) = preSolution
		Debug|Any CPU = Debug|Any CPU
		Release|Any CPU = Release|Any CPU
	EndGlobalSection
	GlobalSection(ProjectConfigurationPlatforms) = postSolution
		{0DCDC2F4-9518-4A21-AFE9-225910070542}.Debug|Any CPU.ActiveCfg = Debug|Any CPU
		{0DCDC2F4-9518-4A21-AFE9-225910070542}.Debug|Any CPU.Build.0 = Debug|Any CPU
		{0DCDC2F4-9518-4A21-AFE9-225910070542}.Release|Any CPU.ActiveCfg = Release|Any CPU
		{0DCDC2F4-9518-4A21-AFE9-225910070542}.Release|Any CPU.Build.0 = Release|Any CPU
		{87B48E7C-A8E3-46AA-B49C-48E33A4572F8}.Debug|Any CPU.ActiveCfg = Debug|Any CPU
		{87B48E7C-A8E3-46AA-B49C-48E33A4572F8}.Debug|Any CPU.Build.0 = Debug|Any CPU
		{87B48E7C-A8E3-46AA-B49C-48E33A4572F8}.Release|Any CPU.ActiveCfg = Release|Any CPU
		{87B48E7C-A8E3-46AA-B49C-48E33A4572F8}.Release|Any CPU.Build.0 = Release|Any CPU
		{57B0DBAF-64BB-4F06-A072-1A702AFD3FD6}.Debug|Any CPU.ActiveCfg = Debug|Any CPU
		{57B0DBAF-64BB-4F06-A072-1A702AFD3FD6}.Debug|Any CPU.Build.0 = Debug|Any CPU
		{57B0DBAF-64BB-4F06-A072-1A702AFD3FD6}.Release|Any CPU.ActiveCfg = Release|Any CPU
		{57B0DBAF-64BB-4F06-A072-1A702AFD3FD6}.Release|Any CPU.Build.0 = Release|Any CPU
	EndGlobalSection
	GlobalSection(SolutionProperties) = preSolution
		HideSolutionNode = FALSE
	EndGlobalSection
	GlobalSection(ExtensibilityGlobals) = postSolution
		SolutionGuid = {9BAF3C1B-B879-4F37-89D5-FB66F44325E7}
	EndGlobalSection
EndGlobal
